# @generated by Move, please check-in and do not edit manually.

[move]
version = 3
manifest_digest = "B1C5CDD9C38FAD3A36051A9F83AD9FB2CA2509A3BED88E82F43121E76C7F62AF"
deps_digest = "F8BBB0CCB2491CA29A3DF03D6F92277A4F3574266507ACD77214D37ECA3F3082"
dependencies = [
  { id = "Sui", name = "Sui" },
]

[[move.package]]
id = "MoveStdlib"
source = { git = "https://github.com/MystenLabs/sui.git", rev = "framework/mainnet", subdir = "crates/sui-framework/packages/move-stdlib" }

[[move.package]]
id = "Sui"
source = { git = "https://github.com/MystenLabs/sui.git", rev = "framework/mainnet", subdir = "crates/sui-framework/packages/sui-framework" }

dependencies = [
  { id = "MoveStdlib", name = "MoveStdlib" },
]

[move.toolchain-version]
compiler-version = "1.37.3"
edition = "2024.beta"
flavor = "sui"

[env]

[env.mainnet]
chain-id = "35834a8a"
original-published-id = "0x861a5bc378c5a4cdb8ed680c8edf6e147427f776c3b0af0002abe508c2621998"
latest-published-id = "0x861a5bc378c5a4cdb8ed680c8edf6e147427f776c3b0af0002abe508c2621998"
published-version = "1"

[env.testnet]
chain-id = "4c78adac"
original-published-id = "0x121445327a1f10ae96cab3e8628e6517dfb8a7ec55d26685476f0a58da0c4880"
latest-published-id = "0x121445327a1f10ae96cab3e8628e6517dfb8a7ec55d26685476f0a58da0c4880"
published-version = "1"
